
Microsoft Visual Studio Solution File, Format Version 12.00
# Visual Studio 2017
Project("{FAE04EC0-301F-11D3-BF4B-00C04F79EFBC}") = "server", "server.csproj", "{633EE13B-FC26-4838-ACCE-8B5C199CB741}"
EndProject
Global
	GlobalSection(SolutionConfigurationPlatforms) = preSolution
		Debug|Any CPU = Debug|Any CPU
		Release|Any CPU = Release|Any CPU
	EndGlobalSection
	GlobalSection(ProjectConfigurationPlatforms) = postSolution
		{633EE13B-FC26-4838-ACCE-8B5C199CB741}.Debug|Any CPU.ActiveCfg = Debug|Any CPU
		{633EE13B-FC26-4838-ACCE-8B5C199CB741}.Debug|Any CPU.Build.0 = Debug|Any CPU
		{633EE13B-FC26-4838-ACCE-8B5C199CB741}.Release|Any CPU.ActiveCfg = Release|Any CPU
		{633EE13B-FC26-4838-ACCE-8B5C199CB741}.Release|Any CPU.Build.0 = Release|Any CPU
	EndGlobalSection
EndGlobal
